
Microsoft Visual Studio Solution File, Format Version 12.00
# Visual Studio 2013
VisualStudioVersion = 12.0.40629.0
MinimumVisualStudioVersion = 10.0.40219.1
Project("{FAE04EC0-301F-11D3-BF4B-00C04F79EFBC}") = "NHibernate.Json", "NHibernate.Json\NHibernate.Json.csproj", "{98C784DA-157A-4140-8C75-D28BE315614A}"
EndProject
Project("{FAE04EC0-301F-11D3-BF4B-00C04F79EFBC}") = "NHibernate.Json.Tests", "NHibernate.Json.Tests\NHibernate.Json.Tests.csproj", "{54B2E712-915B-4B5F-86DA-8D45F1185077}"
EndProject
Global
	GlobalSection(SolutionConfigurationPlatforms) = preSolution
		Debug|Any CPU = Debug|Any CPU
		Release|Any CPU = Release|Any CPU
	EndGlobalSection
	GlobalSection(ProjectConfigurationPlatforms) = postSolution
		{98C784DA-157A-4140-8C75-D28BE315614A}.Debug|Any CPU.ActiveCfg = Debug|Any CPU
		{98C784DA-157A-4140-8C75-D28BE315614A}.Debug|Any CPU.Build.0 = Debug|Any CPU
		{98C784DA-157A-4140-8C75-D28BE315614A}.Release|Any CPU.ActiveCfg = Release|Any CPU
		{98C784DA-157A-4140-8C75-D28BE315614A}.Release|Any CPU.Build.0 = Release|Any CPU
		{54B2E712-915B-4B5F-86DA-8D45F1185077}.Debug|Any CPU.ActiveCfg = Debug|Any CPU
		{54B2E712-915B-4B5F-86DA-8D45F1185077}.Debug|Any CPU.Build.0 = Debug|Any CPU
		{54B2E712-915B-4B5F-86DA-8D45F1185077}.Release|Any CPU.ActiveCfg = Release|Any CPU
		{54B2E712-915B-4B5F-86DA-8D45F1185077}.Release|Any CPU.Build.0 = Release|Any CPU
	EndGlobalSection
	GlobalSection(SolutionProperties) = preSolution
		HideSolutionNode = FALSE
	EndGlobalSection
EndGlobal
