
Microsoft Visual Studio Solution File, Format Version 12.00
# Visual Studio Version 16
VisualStudioVersion = 16.0.30523.141
MinimumVisualStudioVersion = 10.0.40219.1
Project("{9A19103F-16F7-4668-BE54-9A1E7A4F7556}") = "NHibernate.Json", "NHibernate.Json\NHibernate.Json.csproj", "{F3C17702-8A51-41C3-B3FF-3E3F64A28947}"
EndProject
Project("{FAE04EC0-301F-11D3-BF4B-00C04F79EFBC}") = "NHibernate.Json.Tests", "NHibernate.Json.Tests\NHibernate.Json.Tests.csproj", "{19041788-6D93-4758-88B4-98FF5FF768B0}"
EndProject
Global
	GlobalSection(SolutionConfigurationPlatforms) = preSolution
		Debug|Any CPU = Debug|Any CPU
		Release|Any CPU = Release|Any CPU
	EndGlobalSection
	GlobalSection(ProjectConfigurationPlatforms) = postSolution
		{F3C17702-8A51-41C3-B3FF-3E3F64A28947}.Debug|Any CPU.ActiveCfg = Debug|Any CPU
		{F3C17702-8A51-41C3-B3FF-3E3F64A28947}.Debug|Any CPU.Build.0 = Debug|Any CPU
		{F3C17702-8A51-41C3-B3FF-3E3F64A28947}.Release|Any CPU.ActiveCfg = Release|Any CPU
		{F3C17702-8A51-41C3-B3FF-3E3F64A28947}.Release|Any CPU.Build.0 = Release|Any CPU
		{19041788-6D93-4758-88B4-98FF5FF768B0}.Debug|Any CPU.ActiveCfg = Debug|Any CPU
		{19041788-6D93-4758-88B4-98FF5FF768B0}.Debug|Any CPU.Build.0 = Debug|Any CPU
		{19041788-6D93-4758-88B4-98FF5FF768B0}.Release|Any CPU.ActiveCfg = Release|Any CPU
		{19041788-6D93-4758-88B4-98FF5FF768B0}.Release|Any CPU.Build.0 = Release|Any CPU
	EndGlobalSection
	GlobalSection(SolutionProperties) = preSolution
		HideSolutionNode = FALSE
	EndGlobalSection
	GlobalSection(ExtensibilityGlobals) = postSolution
		SolutionGuid = {1E209B26-78D5-4421-AB74-D5DF0806DD4D}
	EndGlobalSection
EndGlobal
